<?xml version="1.0" encoding="UTF-8" standalone="yes" ?>
<CodeBlocks_project_file>
   <FileVersion major="1" minor="6" />
   <Project>
      <Option title="DroneServer" />
      <Option makefile_is_custom="1" />
      <Option compiler="gcc" />
      <Option virtualFolders="CMake Files\;CMake Files\AirLib\;CMake Files\cmake-modules\;CMake Files\AirLibUnitTests\;CMake Files\rpclib_wrapper\;CMake Files\..\;CMake Files\..\external\;CMake Files\..\external\rpclib\;CMake Files\..\external\rpclib\cmake\;CMake Files\..\external\rpclib\include\;CMake Files\..\external\rpclib\include\rpc\;CMake Files\..\external\rpclib\doc\;CMake Files\..\external\rpclib\doc\pages\;CMake Files\..\qt_build\;CMake Files\MavLinkCom\;CMake Files\MavLinkCom\MavLinkTest\;CMake Files\HelloDrone\;CMake Files\DroneShell\;CMake Files\DroneServer\;" />
      <Build>
      <Target title="all">
         <Option working_dir="/home/yunzhongke/yunzhongke/QtPro/AirSim/qt_build/DroneServer" />
         <Option type="4" />
         <MakeCommands>
            <Build command="/usr/bin/make -f &quot;/home/yunzhongke/yunzhongke/QtPro/AirSim/qt_build/DroneServer/Makefile&quot;  VERBOSE=1 all" />
            <CompileFile command="/usr/bin/make -f &quot;/home/yunzhongke/yunzhongke/QtPro/AirSim/qt_build/DroneServer/Makefile&quot;  VERBOSE=1 &quot;$file&quot;" />
            <Clean command="/usr/bin/make -f &quot;/home/yunzhongke/yunzhongke/QtPro/AirSim/qt_build/DroneServer/Makefile&quot;  VERBOSE=1 clean" />
            <DistClean command="/usr/bin/make -f &quot;/home/yunzhongke/yunzhongke/QtPro/AirSim/qt_build/DroneServer/Makefile&quot;  VERBOSE=1 clean" />
         </MakeCommands>
      </Target>
      <Target title="DroneServer">
         <Option output="/home/yunzhongke/yunzhongke/QtPro/AirSim/qt_build/output/bin/DroneServer" prefix_auto="0" extension_auto="0" />
         <Option working_dir="/home/yunzhongke/yunzhongke/QtPro/AirSim/qt_build/output/bin" />
         <Option object_output="./" />
         <Option type="1" />
         <Option compiler="gcc" />
         <Compiler>
            <Add directory="/home/yunzhongke/yunzhongke/QtPro/AirSim/AirLib/deps/eigen3" />
            <Add directory="/home/yunzhongke/yunzhongke/QtPro/AirSim/AirLib/include" />
            <Add directory="/home/yunzhongke/yunzhongke/QtPro/AirSim/DroneServer" />
            <Add directory="/home/yunzhongke/yunzhongke/QtPro/AirSim/MavLinkCom/include" />
            <Add directory="/home/yunzhongke/yunzhongke/QtPro/AirSim/external/rpclib/include" />
            <Add directory="/usr/include" />
            <Add directory="/usr/include/c++/5" />
            <Add directory="/usr/include/c++/5/backward" />
            <Add directory="/usr/include/x86_64-linux-gnu" />
            <Add directory="/usr/include/x86_64-linux-gnu/c++/5" />
            <Add directory="/usr/lib/gcc/x86_64-linux-gnu/5/include" />
            <Add directory="/usr/lib/gcc/x86_64-linux-gnu/5/include-fixed" />
            <Add directory="/usr/local/include" />
         </Compiler>
         <MakeCommands>
            <Build command="/usr/bin/make -f &quot;/home/yunzhongke/yunzhongke/QtPro/AirSim/qt_build/DroneServer/Makefile&quot;  VERBOSE=1 DroneServer" />
            <CompileFile command="/usr/bin/make -f &quot;/home/yunzhongke/yunzhongke/QtPro/AirSim/qt_build/DroneServer/Makefile&quot;  VERBOSE=1 &quot;$file&quot;" />
            <Clean command="/usr/bin/make -f &quot;/home/yunzhongke/yunzhongke/QtPro/AirSim/qt_build/DroneServer/Makefile&quot;  VERBOSE=1 clean" />
            <DistClean command="/usr/bin/make -f &quot;/home/yunzhongke/yunzhongke/QtPro/AirSim/qt_build/DroneServer/Makefile&quot;  VERBOSE=1 clean" />
         </MakeCommands>
      </Target>
      <Target title="DroneServer/fast">
         <Option output="/home/yunzhongke/yunzhongke/QtPro/AirSim/qt_build/output/bin/DroneServer" prefix_auto="0" extension_auto="0" />
         <Option working_dir="/home/yunzhongke/yunzhongke/QtPro/AirSim/qt_build/output/bin" />
         <Option object_output="./" />
         <Option type="1" />
         <Option compiler="gcc" />
         <Compiler>
            <Add directory="/home/yunzhongke/yunzhongke/QtPro/AirSim/AirLib/deps/eigen3" />
            <Add directory="/home/yunzhongke/yunzhongke/QtPro/AirSim/AirLib/include" />
            <Add directory="/home/yunzhongke/yunzhongke/QtPro/AirSim/DroneServer" />
            <Add directory="/home/yunzhongke/yunzhongke/QtPro/AirSim/MavLinkCom/include" />
            <Add directory="/home/yunzhongke/yunzhongke/QtPro/AirSim/external/rpclib/include" />
            <Add directory="/usr/include" />
            <Add directory="/usr/include/c++/5" />
            <Add directory="/usr/include/c++/5/backward" />
            <Add directory="/usr/include/x86_64-linux-gnu" />
            <Add directory="/usr/include/x86_64-linux-gnu/c++/5" />
            <Add directory="/usr/lib/gcc/x86_64-linux-gnu/5/include" />
            <Add directory="/usr/lib/gcc/x86_64-linux-gnu/5/include-fixed" />
            <Add directory="/usr/local/include" />
         </Compiler>
         <MakeCommands>
            <Build command="/usr/bin/make -f &quot;/home/yunzhongke/yunzhongke/QtPro/AirSim/qt_build/DroneServer/Makefile&quot;  VERBOSE=1 DroneServer/fast" />
            <CompileFile command="/usr/bin/make -f &quot;/home/yunzhongke/yunzhongke/QtPro/AirSim/qt_build/DroneServer/Makefile&quot;  VERBOSE=1 &quot;$file&quot;" />
            <Clean command="/usr/bin/make -f &quot;/home/yunzhongke/yunzhongke/QtPro/AirSim/qt_build/DroneServer/Makefile&quot;  VERBOSE=1 clean" />
            <DistClean command="/usr/bin/make -f &quot;/home/yunzhongke/yunzhongke/QtPro/AirSim/qt_build/DroneServer/Makefile&quot;  VERBOSE=1 clean" />
         </MakeCommands>
      </Target>
      </Build>
      <Unit filename="/home/yunzhongke/yunzhongke/QtPro/AirSim/DroneServer/main.cpp">
         <Option target="DroneServer"/>
      </Unit>
      <Unit filename="/home/yunzhongke/yunzhongke/QtPro/AirSim/cmake/CMakeLists.txt">
          <Option virtualFolder="CMake Files\" />
      </Unit>
      <Unit filename="/home/yunzhongke/yunzhongke/QtPro/AirSim/cmake/AirLib/CMakeLists.txt">
          <Option virtualFolder="CMake Files\AirLib\" />
      </Unit>
      <Unit filename="/home/yunzhongke/yunzhongke/QtPro/AirSim/cmake/AirLib/CMakeLists.txt">
          <Option virtualFolder="CMake Files\AirLib\" />
      </Unit>
      <Unit filename="/home/yunzhongke/yunzhongke/QtPro/AirSim/cmake/cmake-modules/CommonSetup.cmake">
          <Option virtualFolder="CMake Files\cmake-modules\" />
      </Unit>
      <Unit filename="/home/yunzhongke/yunzhongke/QtPro/AirSim/cmake/cmake-modules/CommonSetup.cmake">
          <Option virtualFolder="CMake Files\cmake-modules\" />
      </Unit>
      <Unit filename="/home/yunzhongke/yunzhongke/QtPro/AirSim/cmake/cmake-modules/CommonSetup.cmake">
          <Option virtualFolder="CMake Files\cmake-modules\" />
      </Unit>
      <Unit filename="/home/yunzhongke/yunzhongke/QtPro/AirSim/cmake/cmake-modules/CommonSetup.cmake">
          <Option virtualFolder="CMake Files\cmake-modules\" />
      </Unit>
      <Unit filename="/home/yunzhongke/yunzhongke/QtPro/AirSim/cmake/cmake-modules/CommonSetup.cmake">
          <Option virtualFolder="CMake Files\cmake-modules\" />
      </Unit>
      <Unit filename="/home/yunzhongke/yunzhongke/QtPro/AirSim/cmake/cmake-modules/CommonSetup.cmake">
          <Option virtualFolder="CMake Files\cmake-modules\" />
      </Unit>
      <Unit filename="/home/yunzhongke/yunzhongke/QtPro/AirSim/cmake/cmake-modules/CommonSetup.cmake">
          <Option virtualFolder="CMake Files\cmake-modules\" />
      </Unit>
      <Unit filename="/home/yunzhongke/yunzhongke/QtPro/AirSim/cmake/cmake-modules/CommonSetup.cmake">
          <Option virtualFolder="CMake Files\cmake-modules\" />
      </Unit>
      <Unit filename="/home/yunzhongke/yunzhongke/QtPro/AirSim/cmake/cmake-modules/CommonSetup.cmake">
          <Option virtualFolder="CMake Files\cmake-modules\" />
      </Unit>
      <Unit filename="/home/yunzhongke/yunzhongke/QtPro/AirSim/cmake/cmake-modules/CommonSetup.cmake">
          <Option virtualFolder="CMake Files\cmake-modules\" />
      </Unit>
      <Unit filename="/home/yunzhongke/yunzhongke/QtPro/AirSim/cmake/cmake-modules/CommonSetup.cmake">
          <Option virtualFolder="CMake Files\cmake-modules\" />
      </Unit>
      <Unit filename="/home/yunzhongke/yunzhongke/QtPro/AirSim/cmake/cmake-modules/CommonSetup.cmake">
          <Option virtualFolder="CMake Files\cmake-modules\" />
      </Unit>
      <Unit filename="/home/yunzhongke/yunzhongke/QtPro/AirSim/cmake/cmake-modules/CommonSetup.cmake">
          <Option virtualFolder="CMake Files\cmake-modules\" />
      </Unit>
      <Unit filename="/home/yunzhongke/yunzhongke/QtPro/AirSim/cmake/cmake-modules/CommonSetup.cmake">
          <Option virtualFolder="CMake Files\cmake-modules\" />
      </Unit>
      <Unit filename="/home/yunzhongke/yunzhongke/QtPro/AirSim/cmake/cmake-modules/CommonSetup.cmake">
          <Option virtualFolder="CMake Files\cmake-modules\" />
      </Unit>
      <Unit filename="/home/yunzhongke/yunzhongke/QtPro/AirSim/cmake/cmake-modules/CommonSetup.cmake">
          <Option virtualFolder="CMake Files\cmake-modules\" />
      </Unit>
      <Unit filename="/home/yunzhongke/yunzhongke/QtPro/AirSim/cmake/cmake-modules/CommonSetup.cmake">
          <Option virtualFolder="CMake Files\cmake-modules\" />
      </Unit>
      <Unit filename="/home/yunzhongke/yunzhongke/QtPro/AirSim/cmake/AirLibUnitTests/CMakeLists.txt">
          <Option virtualFolder="CMake Files\AirLibUnitTests\" />
      </Unit>
      <Unit filename="/home/yunzhongke/yunzhongke/QtPro/AirSim/cmake/AirLibUnitTests/CMakeLists.txt">
          <Option virtualFolder="CMake Files\AirLibUnitTests\" />
      </Unit>
      <Unit filename="/home/yunzhongke/yunzhongke/QtPro/AirSim/cmake/rpclib_wrapper/CMakeLists.txt">
          <Option virtualFolder="CMake Files\rpclib_wrapper\" />
      </Unit>
      <Unit filename="/home/yunzhongke/yunzhongke/QtPro/AirSim/cmake/rpclib_wrapper/CMakeLists.txt">
          <Option virtualFolder="CMake Files\rpclib_wrapper\" />
      </Unit>
      <Unit filename="/home/yunzhongke/yunzhongke/QtPro/AirSim/cmake/../external/rpclib/CMakeLists.txt">
          <Option virtualFolder="CMake Files\..\external\rpclib\" />
      </Unit>
      <Unit filename="/home/yunzhongke/yunzhongke/QtPro/AirSim/cmake/../external/rpclib/CMakeLists.txt">
          <Option virtualFolder="CMake Files\..\external\rpclib\" />
      </Unit>
      <Unit filename="/home/yunzhongke/yunzhongke/QtPro/AirSim/cmake/../external/rpclib/CMakeLists.txt">
          <Option virtualFolder="CMake Files\..\external\rpclib\" />
      </Unit>
      <Unit filename="/home/yunzhongke/yunzhongke/QtPro/AirSim/cmake/../external/rpclib/cmake/TargetArch.cmake">
          <Option virtualFolder="CMake Files\..\external\rpclib\cmake\" />
      </Unit>
      <Unit filename="/home/yunzhongke/yunzhongke/QtPro/AirSim/cmake/../external/rpclib/cmake/TargetArch.cmake">
          <Option virtualFolder="CMake Files\..\external\rpclib\cmake\" />
      </Unit>
      <Unit filename="/home/yunzhongke/yunzhongke/QtPro/AirSim/cmake/../external/rpclib/cmake/TargetArch.cmake">
          <Option virtualFolder="CMake Files\..\external\rpclib\cmake\" />
      </Unit>
      <Unit filename="/home/yunzhongke/yunzhongke/QtPro/AirSim/cmake/../external/rpclib/include/rpc/version.h.in">
          <Option virtualFolder="CMake Files\..\external\rpclib\include\rpc\" />
      </Unit>
      <Unit filename="/home/yunzhongke/yunzhongke/QtPro/AirSim/cmake/../external/rpclib/include/rpc/config.h.in">
          <Option virtualFolder="CMake Files\..\external\rpclib\include\rpc\" />
      </Unit>
      <Unit filename="/home/yunzhongke/yunzhongke/QtPro/AirSim/cmake/../external/rpclib/include/rpc/version.h.in">
          <Option virtualFolder="CMake Files\..\external\rpclib\include\rpc\" />
      </Unit>
      <Unit filename="/home/yunzhongke/yunzhongke/QtPro/AirSim/cmake/../external/rpclib/include/rpc/config.h.in">
          <Option virtualFolder="CMake Files\..\external\rpclib\include\rpc\" />
      </Unit>
      <Unit filename="/home/yunzhongke/yunzhongke/QtPro/AirSim/cmake/../external/rpclib/include/rpc/version.h.in">
          <Option virtualFolder="CMake Files\..\external\rpclib\include\rpc\" />
      </Unit>
      <Unit filename="/home/yunzhongke/yunzhongke/QtPro/AirSim/cmake/../external/rpclib/include/rpc/config.h.in">
          <Option virtualFolder="CMake Files\..\external\rpclib\include\rpc\" />
      </Unit>
      <Unit filename="/home/yunzhongke/yunzhongke/QtPro/AirSim/cmake/../external/rpclib/doc/pages/versions.md.in">
          <Option virtualFolder="CMake Files\..\external\rpclib\doc\pages\" />
      </Unit>
      <Unit filename="/home/yunzhongke/yunzhongke/QtPro/AirSim/cmake/../external/rpclib/doc/pages/versions.md.in">
          <Option virtualFolder="CMake Files\..\external\rpclib\doc\pages\" />
      </Unit>
      <Unit filename="/home/yunzhongke/yunzhongke/QtPro/AirSim/cmake/../external/rpclib/doc/pages/versions.md.in">
          <Option virtualFolder="CMake Files\..\external\rpclib\doc\pages\" />
      </Unit>
      <Unit filename="/home/yunzhongke/yunzhongke/QtPro/AirSim/cmake/../qt_build/arch.c">
          <Option virtualFolder="CMake Files\..\qt_build\" />
      </Unit>
      <Unit filename="/home/yunzhongke/yunzhongke/QtPro/AirSim/cmake/../qt_build/arch.c">
          <Option virtualFolder="CMake Files\..\qt_build\" />
      </Unit>
      <Unit filename="/home/yunzhongke/yunzhongke/QtPro/AirSim/cmake/../qt_build/arch.c">
          <Option virtualFolder="CMake Files\..\qt_build\" />
      </Unit>
      <Unit filename="/home/yunzhongke/yunzhongke/QtPro/AirSim/cmake/MavLinkCom/CMakeLists.txt">
          <Option virtualFolder="CMake Files\MavLinkCom\" />
      </Unit>
      <Unit filename="/home/yunzhongke/yunzhongke/QtPro/AirSim/cmake/MavLinkCom/CMakeLists.txt">
          <Option virtualFolder="CMake Files\MavLinkCom\" />
      </Unit>
      <Unit filename="/home/yunzhongke/yunzhongke/QtPro/AirSim/cmake/MavLinkCom/MavLinkTest/CMakeLists.txt">
          <Option virtualFolder="CMake Files\MavLinkCom\MavLinkTest\" />
      </Unit>
      <Unit filename="/home/yunzhongke/yunzhongke/QtPro/AirSim/cmake/MavLinkCom/MavLinkTest/CMakeLists.txt">
          <Option virtualFolder="CMake Files\MavLinkCom\MavLinkTest\" />
      </Unit>
      <Unit filename="/home/yunzhongke/yunzhongke/QtPro/AirSim/cmake/MavLinkCom/MavLinkTest/CMakeLists.txt">
          <Option virtualFolder="CMake Files\MavLinkCom\MavLinkTest\" />
      </Unit>
      <Unit filename="/home/yunzhongke/yunzhongke/QtPro/AirSim/cmake/HelloDrone/CMakeLists.txt">
          <Option virtualFolder="CMake Files\HelloDrone\" />
      </Unit>
      <Unit filename="/home/yunzhongke/yunzhongke/QtPro/AirSim/cmake/HelloDrone/CMakeLists.txt">
          <Option virtualFolder="CMake Files\HelloDrone\" />
      </Unit>
      <Unit filename="/home/yunzhongke/yunzhongke/QtPro/AirSim/cmake/DroneShell/CMakeLists.txt">
          <Option virtualFolder="CMake Files\DroneShell\" />
      </Unit>
      <Unit filename="/home/yunzhongke/yunzhongke/QtPro/AirSim/cmake/DroneShell/CMakeLists.txt">
          <Option virtualFolder="CMake Files\DroneShell\" />
      </Unit>
      <Unit filename="/home/yunzhongke/yunzhongke/QtPro/AirSim/cmake/DroneServer/CMakeLists.txt">
          <Option virtualFolder="CMake Files\DroneServer\" />
      </Unit>
      <Unit filename="/home/yunzhongke/yunzhongke/QtPro/AirSim/cmake/DroneServer/CMakeLists.txt">
          <Option virtualFolder="CMake Files\DroneServer\" />
      </Unit>
   </Project>
</CodeBlocks_project_file>
